<?xml version="1.0" encoding="utf-8"?>
<Project ToolsVersion="4.0" xmlns="http://schemas.microsoft.com/developer/msbuild/2003">
  <ItemGroup>
    <Filter Include="Form Files">
      <UniqueIdentifier>{99349809-55BA-4b9d-BF79-8FDBB0286EB3}</UniqueIdentifier>
      <Extensions>ui</Extensions>
      <ParseFiles>false</ParseFiles>
    </Filter>
    <Filter Include="Form Files">
      <UniqueIdentifier>{99349809-55BA-4b9d-BF79-8FDBB0286EB3}</UniqueIdentifier>
      <Extensions>ui</Extensions>
      <ParseFiles>false</ParseFiles>
    </Filter>
    <Filter Include="Generated Files">
      <UniqueIdentifier>{71ED8ED8-ACB9-4CE9-BBE1-E00B30144E11}</UniqueIdentifier>
      <Extensions>cpp;c;cxx;moc;h;def;odl;idl;res;</Extensions>
    </Filter>
    <Filter Include="Generated Files">
      <UniqueIdentifier>{71ED8ED8-ACB9-4CE9-BBE1-E00B30144E11}</UniqueIdentifier>
      <Extensions>cpp;c;cxx;moc;h;def;odl;idl;res;</Extensions>
    </Filter>
    <Filter Include="Header Files">
      <UniqueIdentifier>{93995380-89BD-4b04-88EB-625FBE52EBFB}</UniqueIdentifier>
      <Extensions>h;hpp;hxx;hm;inl;inc;xsd</Extensions>
    </Filter>
    <Filter Include="Header Files">
      <UniqueIdentifier>{93995380-89BD-4b04-88EB-625FBE52EBFB}</UniqueIdentifier>
      <Extensions>h;hpp;hxx;hm;inl;inc;xsd</Extensions>
    </Filter>
    <Filter Include="Resource Files">
      <UniqueIdentifier>{D9D6E242-F8AF-46E4-B9FD-80ECBC20BA3E}</UniqueIdentifier>
      <Extensions>qrc;*</Extensions>
      <ParseFiles>false</ParseFiles>
    </Filter>
    <Filter Include="Resource Files">
      <UniqueIdentifier>{D9D6E242-F8AF-46E4-B9FD-80ECBC20BA3E}</UniqueIdentifier>
      <Extensions>qrc;*</Extensions>
      <ParseFiles>false</ParseFiles>
    </Filter>
    <Filter Include="Source Files">
      <UniqueIdentifier>{4FC737F1-C7A5-4376-A066-2A32D752A2FF}</UniqueIdentifier>
      <Extensions>cpp;c;cxx;def;odl;idl;hpj;bat;asm;asmx</Extensions>
    </Filter>
    <Filter Include="Source Files">
      <UniqueIdentifier>{4FC737F1-C7A5-4376-A066-2A32D752A2FF}</UniqueIdentifier>
      <Extensions>cpp;c;cxx;def;odl;idl;hpj;bat;asm;asmx</Extensions>
    </Filter>
  </ItemGroup>
  <ItemGroup>
    <ClCompile Include="src\render\Program.cpp">
      <Filter>Source Files</Filter>
    </ClCompile>
    <ClCompile Include="src\render\Shader.cpp">
      <Filter>Source Files</Filter>
    </ClCompile>
    <ClCompile Include="src\editor\bounding_box.cpp">
      <Filter>Source Files</Filter>
    </ClCompile>
    <ClCompile Include="src\render\render_addons\default_shader_param.cpp">
      <Filter>Source Files</Filter>
    </ClCompile>
    <ClCompile Include="src\Qt_tests\drawhomewin.cpp">
      <Filter>Source Files</Filter>
    </ClCompile>
    <ClCompile Include="src\Qt_tests\ui\drawoption.cpp">
      <Filter>Source Files</Filter>
    </ClCompile>
    <ClCompile Include="src\utils\qui\frmmessagebox.cpp">
      <Filter>Source Files</Filter>
    </ClCompile>
    <ClCompile Include="src\render\gl3d_abstract_object.cpp">
      <Filter>Source Files</Filter>
    </ClCompile>
    <ClCompile Include="src\render\gl3d_framebuffer.cpp">
      <Filter>Source Files</Filter>
    </ClCompile>
    <ClCompile Include="src\render\gl3d_general_light_source.cpp">
      <Filter>Source Files</Filter>
    </ClCompile>
    <ClCompile Include="src\render\gl3d_general_texture.cpp">
      <Filter>Source Files</Filter>
    </ClCompile>
    <ClCompile Include="src\utils\gl3d_global_param.cpp">
      <Filter>Source Files</Filter>
    </ClCompile>
    <ClCompile Include="src\render\gl3d_image.cpp">
      <Filter>Source Files</Filter>
    </ClCompile>
    <ClCompile Include="src\utils\gl3d_lock.cpp">
      <Filter>Source Files</Filter>
    </ClCompile>
    <ClCompile Include="src\render\gl3d_material.cpp">
      <Filter>Source Files</Filter>
    </ClCompile>
    <ClCompile Include="src\utils\gl3d_math.cpp">
      <Filter>Source Files</Filter>
    </ClCompile>
    <ClCompile Include="src\render\gl3d_mesh.cpp">
      <Filter>Source Files</Filter>
    </ClCompile>
    <ClCompile Include="src\render\gl3d_object.cpp">
      <Filter>Source Files</Filter>
    </ClCompile>
    <ClCompile Include="src\render\gl3d_post_process.cpp">
      <Filter>Source Files</Filter>
    </ClCompile>
    <ClCompile Include="src\render\render_addons\gl3d_post_process_template.cpp">
      <Filter>Source Files</Filter>
    </ClCompile>
    <ClCompile Include="src\render\gl3d_render_process.cpp">
      <Filter>Source Files</Filter>
    </ClCompile>
    <ClCompile Include="src\utils\gl3d_scale.cpp">
      <Filter>Source Files</Filter>
    </ClCompile>
    <ClCompile Include="src\render\gl3d_scene.cpp">
      <Filter>Source Files</Filter>
    </ClCompile>
    <ClCompile Include="src\editor\gl3d_surface_object.cpp">
      <Filter>Source Files</Filter>
    </ClCompile>
    <ClCompile Include="src\render\gl3d_texture.cpp">
      <Filter>Source Files</Filter>
    </ClCompile>
    <ClCompile Include="src\render\gl3d_viewer.cpp">
      <Filter>Source Files</Filter>
    </ClCompile>
    <ClCompile Include="src\editor\gl3d_wall.cpp">
      <Filter>Source Files</Filter>
    </ClCompile>
    <ClCompile Include="src\editor\gl_utility.cpp">
      <Filter>Source Files</Filter>
    </ClCompile>
    <ClCompile Include="src\utils\qui\iconhelper.cpp">
      <Filter>Source Files</Filter>
    </ClCompile>
    <ClCompile Include="src\Qt_tests\main.cpp">
      <Filter>Source Files</Filter>
    </ClCompile>
    <ClCompile Include="src\Qt_tests\mainwindow.cpp">
      <Filter>Source Files</Filter>
    </ClCompile>
    <ClCompile Include="src\editor\merchandise.cpp">
      <Filter>Source Files</Filter>
    </ClCompile>
    <ClCompile Include="src\render\model_manager.cpp">
      <Filter>Source Files</Filter>
    </ClCompile>
    <ClCompile Include="src\Qt_tests\models_cfg.cpp">
      <Filter>Source Files</Filter>
    </ClCompile>
    <ClCompile Include="src\render\mopenglview.cpp">
      <Filter>Source Files</Filter>
    </ClCompile>
    <ClCompile Include="src\Qt_tests\ui\pickupdig.cpp">
      <Filter>Source Files</Filter>
    </ClCompile>
    <ClCompile Include="src\render\render_addons\post_processer_1.cpp">
      <Filter>Source Files</Filter>
    </ClCompile>
    <ClCompile Include="src\Qt_tests\ray_tracer.cpp">
      <Filter>Source Files</Filter>
    </ClCompile>
    <ClCompile Include="src\render\render_addons\render_processes.cpp">
      <Filter>Source Files</Filter>
    </ClCompile>
    <ClCompile Include="src\render\render_addons\shader_list.cpp">
      <Filter>Source Files</Filter>
    </ClCompile>
    <ClCompile Include="src\render\shader_manager.cpp">
      <Filter>Source Files</Filter>
    </ClCompile>
    <ClCompile Include="src\render\light_system\simple_directional_light.cpp">
      <Filter>Source Files</Filter>
    </ClCompile>
    <ClCompile Include="src\editor\surface.cpp">
      <Filter>Source Files</Filter>
    </ClCompile>
    <ClCompile Include="src\editor\vertex.cpp">
      <Filter>Source Files</Filter>
    </ClCompile>
  </ItemGroup>
  <ItemGroup>
    <ClInclude Include="include\kaola_engine\Program.hpp">
      <Filter>Header Files</Filter>
    </ClInclude>
    <ClInclude Include="include\kaola_engine\Shader.hpp">
      <Filter>Header Files</Filter>
    </ClInclude>
    <ClInclude Include="include\editor\bounding_box.h">
      <Filter>Header Files</Filter>
    </ClInclude>
    <CustomBuild Include="src\Qt_tests\drawhomewin.h">
      <Filter>Header Files</Filter>
    </CustomBuild>
    <CustomBuild Include="src\Qt_tests\ui\drawoption.h">
      <Filter>Header Files</Filter>
    </CustomBuild>
    <CustomBuild Include="src\utils\qui\frmmessagebox.h">
      <Filter>Header Files</Filter>
    </CustomBuild>
    <CustomBuild Include="include\kaola_engine\gl3d.hpp">
      <Filter>Header Files</Filter>
    </CustomBuild>
    <ClInclude Include="include\kaola_engine\gl3d_abstract_object.h">
      <Filter>Header Files</Filter>
    </ClInclude>
    <ClInclude Include="include\kaola_engine\gl3d_framebuffer.hpp">
      <Filter>Header Files</Filter>
    </ClInclude>
    <ClInclude Include="include\kaola_engine\gl3d_general_light_source.h">
      <Filter>Header Files</Filter>
    </ClInclude>
    <ClInclude Include="include\kaola_engine\gl3d_general_texture.hpp">
      <Filter>Header Files</Filter>
    </ClInclude>
    <ClInclude Include="include\utils\gl3d_global_param.h">
      <Filter>Header Files</Filter>
    </ClInclude>
    <ClInclude Include="include\kaola_engine\gl3d_image.hpp">
      <Filter>Header Files</Filter>
    </ClInclude>
    <ClInclude Include="include\utils\gl3d_lock.h">
      <Filter>Header Files</Filter>
    </ClInclude>
    <ClInclude Include="include\kaola_engine\gl3d_material.hpp">
      <Filter>Header Files</Filter>
    </ClInclude>
    <ClInclude Include="include\utils\gl3d_math.h">
      <Filter>Header Files</Filter>
    </ClInclude>
    <ClInclude Include="include\kaola_engine\gl3d_mesh.h">
      <Filter>Header Files</Filter>
    </ClInclude>
    <ClInclude Include="include\kaola_engine\gl3d_obj_authority.h">
      <Filter>Header Files</Filter>
    </ClInclude>
    <ClInclude Include="include\kaola_engine\gl3d_object.h">
      <Filter>Header Files</Filter>
    </ClInclude>
    <ClInclude Include="include\kaola_engine\gl3d_out_headers.h">
      <Filter>Header Files</Filter>
    </ClInclude>
    <ClInclude Include="include\utils\gl3d_path_config.h">
      <Filter>Header Files</Filter>
    </ClInclude>
    <ClInclude Include="include\kaola_engine\gl3d_post_process.h">
      <Filter>Header Files</Filter>
    </ClInclude>
    <ClInclude Include="include\utils\gl3d_post_process_template.h">
      <Filter>Header Files</Filter>
    </ClInclude>
    <ClInclude Include="include\kaola_engine\gl3d_render_process.hpp">
      <Filter>Header Files</Filter>
    </ClInclude>
    <ClInclude Include="include\utils\gl3d_scale.h">
      <Filter>Header Files</Filter>
    </ClInclude>
    <ClInclude Include="include\kaola_engine\gl3d_scene.h">
      <Filter>Header Files</Filter>
    </ClInclude>
    <ClInclude Include="include\editor\gl3d_surface_object.h">
      <Filter>Header Files</Filter>
    </ClInclude>
    <ClInclude Include="include\kaola_engine\gl3d_texture.hpp">
      <Filter>Header Files</Filter>
    </ClInclude>
    <ClInclude Include="include\utils\gl3d_utils.h">
      <Filter>Header Files</Filter>
    </ClInclude>
    <ClInclude Include="include\kaola_engine\gl3d_viewer.h">
      <Filter>Header Files</Filter>
    </ClInclude>
    <ClInclude Include="include\editor\gl3d_wall.h">
      <Filter>Header Files</Filter>
    </ClInclude>
    <ClInclude Include="include\editor\gl_utility.h">
      <Filter>Header Files</Filter>
    </ClInclude>
    <ClInclude Include="include\kaola_engine\glheaders.h">
      <Filter>Header Files</Filter>
    </ClInclude>
    <ClInclude Include="src\utils\qui\iconhelper.h">
      <Filter>Header Files</Filter>
    </ClInclude>
    <ClInclude Include="include\kaola_engine\kaola_engine.h">
      <Filter>Header Files</Filter>
    </ClInclude>
    <ClInclude Include="include\kaola_engine\log.h">
      <Filter>Header Files</Filter>
    </ClInclude>
    <CustomBuild Include="src\Qt_tests\mainwindow.h">
      <Filter>Header Files</Filter>
    </CustomBuild>
    <ClInclude Include="include\editor\merchandise.h">
      <Filter>Header Files</Filter>
    </ClInclude>
    <ClInclude Include="include\kaola_engine\model_manager.hpp">
      <Filter>Header Files</Filter>
    </ClInclude>
    <CustomBuild Include="include\kaola_engine\mopenglview.h">
      <Filter>Header Files</Filter>
    </CustomBuild>
    <ClInclude Include="src\utils\qui\myhelper.h">
      <Filter>Header Files</Filter>
    </ClInclude>
    <CustomBuild Include="src\Qt_tests\ui\pickupdig.h">
      <Filter>Header Files</Filter>
    </CustomBuild>
    <ClInclude Include="src\Qt_tests\ray_tracer.h">
      <Filter>Header Files</Filter>
    </ClInclude>
    <ClInclude Include="include\kaola_engine\shader_manager.hpp">
      <Filter>Header Files</Filter>
    </ClInclude>
    <ClInclude Include="include\editor\surface.h">
      <Filter>Header Files</Filter>
    </ClInclude>
    <ClInclude Include="include\editor\vertex.h">
      <Filter>Header Files</Filter>
    </ClInclude>
  </ItemGroup>
  <ItemGroup>
    <ClCompile Include="include\kaola_engine\gl3d.hpp.cpp">
      <Filter>Generated Files</Filter>
    </ClCompile>
    <ClCompile Include="debug\moc_drawhomewin.cpp">
      <Filter>Generated Files</Filter>
    </ClCompile>
    <ClCompile Include="release\moc_drawhomewin.cpp">
      <Filter>Generated Files</Filter>
    </ClCompile>
    <ClCompile Include="debug\moc_drawoption.cpp">
      <Filter>Generated Files</Filter>
    </ClCompile>
    <ClCompile Include="release\moc_drawoption.cpp">
      <Filter>Generated Files</Filter>
    </ClCompile>
    <ClCompile Include="debug\moc_frmmessagebox.cpp">
      <Filter>Generated Files</Filter>
    </ClCompile>
    <ClCompile Include="release\moc_frmmessagebox.cpp">
      <Filter>Generated Files</Filter>
    </ClCompile>
    <ClCompile Include="debug\moc_mainwindow.cpp">
      <Filter>Generated Files</Filter>
    </ClCompile>
    <ClCompile Include="release\moc_mainwindow.cpp">
      <Filter>Generated Files</Filter>
    </ClCompile>
    <ClCompile Include="debug\moc_mopenglview.cpp">
      <Filter>Generated Files</Filter>
    </ClCompile>
    <ClCompile Include="release\moc_mopenglview.cpp">
      <Filter>Generated Files</Filter>
    </ClCompile>
    <ClCompile Include="debug\moc_pickupdig.cpp">
      <Filter>Generated Files</Filter>
    </ClCompile>
    <ClCompile Include="release\moc_pickupdig.cpp">
      <Filter>Generated Files</Filter>
    </ClCompile>
    <ClCompile Include="debug\qrc_rc.cpp">
      <Filter>Generated Files</Filter>
    </ClCompile>
    <ClCompile Include="release\qrc_rc.cpp">
      <Filter>Generated Files</Filter>
    </ClCompile>
    <ClCompile Include="debug\qrc_res.cpp">
      <Filter>Generated Files</Filter>
    </ClCompile>
    <ClCompile Include="release\qrc_res.cpp">
      <Filter>Generated Files</Filter>
    </ClCompile>
    <ClInclude Include="ui_drawhomewin.h">
      <Filter>Generated Files</Filter>
    </ClInclude>
    <ClInclude Include="ui_frmmessagebox.h">
      <Filter>Generated Files</Filter>
    </ClInclude>
    <ClInclude Include="ui_mainwindow.h">
      <Filter>Generated Files</Filter>
    </ClInclude>
  </ItemGroup>
  <ItemGroup>
    <CustomBuild Include="src\Qt_tests\drawhomewin.ui">
      <Filter>Form Files</Filter>
    </CustomBuild>
    <CustomBuild Include="src\utils\qui\frmmessagebox.ui">
      <Filter>Form Files</Filter>
    </CustomBuild>
    <CustomBuild Include="src\Qt_tests\mainwindow.ui">
      <Filter>Form Files</Filter>
    </CustomBuild>
  </ItemGroup>
  <ItemGroup>
    <None Include="images\3d_px.png">
      <Filter>Resource Files</Filter>
    </None>
    <None Include="images\Action_Redo_32px.png">
      <Filter>Resource Files</Filter>
    </None>
    <None Include="images\Action_Undo_32px.png">
      <Filter>Resource Files</Filter>
    </None>
    <None Include="images\Application_Blueprint_32px.png">
      <Filter>Resource Files</Filter>
    </None>
    <None Include="images\Could_Disk_32px.png">
      <Filter>Resource Files</Filter>
    </None>
    <None Include="images\File_Receive_32px.png">
      <Filter>Resource Files</Filter>
    </None>
    <None Include="images\Gnome_System_Shutdown_32px.png">
      <Filter>Resource Files</Filter>
    </None>
    <None Include="src\utils\qui\image\add-line_horizontal.png">
      <Filter>Resource Files</Filter>
    </None>
    <None Include="src\utils\qui\image\add-line_vertical.png">
      <Filter>Resource Files</Filter>
    </None>
    <None Include="src\utils\qui\image\array_down.png">
      <Filter>Resource Files</Filter>
    </None>
    <None Include="src\utils\qui\image\black.css">
      <Filter>Resource Files</Filter>
    </None>
    <None Include="src\utils\qui\image\blue.css">
      <Filter>Resource Files</Filter>
    </None>
    <None Include="images\brush_paint_32px.png">
      <Filter>Resource Files</Filter>
    </None>
    <None Include="src\utils\qui\image\checkbox_checked.png">
      <Filter>Resource Files</Filter>
    </None>
    <None Include="src\utils\qui\image\checkbox_unchecked.png">
      <Filter>Resource Files</Filter>
    </None>
    <None Include="images\comment_user_info_32px.png">
      <Filter>Resource Files</Filter>
    </None>
    <None Include="images\document_import_picture_32px.png">
      <Filter>Resource Files</Filter>
    </None>
    <None Include="src\utils\qui\image\error.png">
      <Filter>Resource Files</Filter>
    </None>
    <None Include="images\export_mail_32px.png">
      <Filter>Resource Files</Filter>
    </None>
    <None Include="images\file_new_32px.png">
      <Filter>Resource Files</Filter>
    </None>
    <None Include="src\utils\qui\image\fontawesome-webfont.ttf">
      <Filter>Resource Files</Filter>
    </None>
    <None Include="src\utils\qui\image\gray.css">
      <Filter>Resource Files</Filter>
    </None>
    <None Include="src\utils\qui\image\info.png">
      <Filter>Resource Files</Filter>
    </None>
    <None Include="src\utils\qui\image\navy.css">
      <Filter>Resource Files</Filter>
    </None>
    <None Include="images\object_flip_horizontal_32px.png">
      <Filter>Resource Files</Filter>
    </None>
    <None Include="images\point_24px.png">
      <Filter>Resource Files</Filter>
    </None>
    <None Include="src\utils\qui\image\qt_zh_CN.qm">
      <Filter>Resource Files</Filter>
    </None>
    <None Include="src\utils\qui\image\question.png">
      <Filter>Resource Files</Filter>
    </None>
    <None Include="src\utils\qui\image\radio_normal.png">
      <Filter>Resource Files</Filter>
    </None>
    <None Include="src\utils\qui\image\radio_selected.png">
      <Filter>Resource Files</Filter>
    </None>
    <CustomBuild Include="src\utils\qui\rc.qrc">
      <Filter>Resource Files</Filter>
    </CustomBuild>
    <CustomBuild Include="res.qrc">
      <Filter>Resource Files</Filter>
    </CustomBuild>
    <None Include="images\square_dashed_48px.png">
      <Filter>Resource Files</Filter>
    </None>
    <None Include="images\square_delicious_45.36px.png">
      <Filter>Resource Files</Filter>
    </None>
    <None Include="images\square_four_angle_point_48px.png">
      <Filter>Resource Files</Filter>
    </None>
    <None Include="src\utils\qui\image\sub-line_horizontal.png">
      <Filter>Resource Files</Filter>
    </None>
    <None Include="src\utils\qui\image\sub-line_vertical.png">
      <Filter>Resource Files</Filter>
    </None>
  </ItemGroup>
</Project>